
Microsoft Visual Studio Solution File, Format Version 12.00
# Visual Studio Version 17
VisualStudioVersion = 17.3.32922.545
MinimumVisualStudioVersion = 10.0.40219.1
Project("{FAE04EC0-301F-11D3-BF4B-00C04F79EFBC}") = "LinkedList", "LinkedList\LinkedList.csproj", "{A60B051D-2C5C-40F8-B4CF-4879A5DFD23F}"
EndProject
Global
	GlobalSection(SolutionConfigurationPlatforms) = preSolution
		Debug|Any CPU = Debug|Any CPU
		Release|Any CPU = Release|Any CPU
	EndGlobalSection
	GlobalSection(ProjectConfigurationPlatforms) = postSolution
		{A60B051D-2C5C-40F8-B4CF-4879A5DFD23F}.Debug|Any CPU.ActiveCfg = Debug|Any CPU
		{A60B051D-2C5C-40F8-B4CF-4879A5DFD23F}.Debug|Any CPU.Build.0 = Debug|Any CPU
		{A60B051D-2C5C-40F8-B4CF-4879A5DFD23F}.Release|Any CPU.ActiveCfg = Release|Any CPU
		{A60B051D-2C5C-40F8-B4CF-4879A5DFD23F}.Release|Any CPU.Build.0 = Release|Any CPU
	EndGlobalSection
	GlobalSection(SolutionProperties) = preSolution
		HideSolutionNode = FALSE
	EndGlobalSection
	GlobalSection(ExtensibilityGlobals) = postSolution
		SolutionGuid = {F914F488-E370-4F8E-9F62-21C3CB5E8E0C}
	EndGlobalSection
EndGlobal
